
Microsoft Visual Studio Solution File, Format Version 12.00
# Visual Studio Version 17
VisualStudioVersion = 17.14.36616.10 d17.14
MinimumVisualStudioVersion = 10.0.40219.1
Project("{FAE04EC0-301F-11D3-BF4B-00C04F79EFBC}") = "BooksSpr2026_sec02", "BooksSpr2026_sec02.csproj", "{D7E4CF3D-29B6-45C1-8FBA-EFDF1EA29B44}"
EndProject
Global
	GlobalSection(SolutionConfigurationPlatforms) = preSolution
		Debug|Any CPU = Debug|Any CPU
		Release|Any CPU = Release|Any CPU
	EndGlobalSection
	GlobalSection(ProjectConfigurationPlatforms) = postSolution
		{D7E4CF3D-29B6-45C1-8FBA-EFDF1EA29B44}.Debug|Any CPU.ActiveCfg = Debug|Any CPU
		{D7E4CF3D-29B6-45C1-8FBA-EFDF1EA29B44}.Debug|Any CPU.Build.0 = Debug|Any CPU
		{D7E4CF3D-29B6-45C1-8FBA-EFDF1EA29B44}.Release|Any CPU.ActiveCfg = Release|Any CPU
		{D7E4CF3D-29B6-45C1-8FBA-EFDF1EA29B44}.Release|Any CPU.Build.0 = Release|Any CPU
	EndGlobalSection
	GlobalSection(SolutionProperties) = preSolution
		HideSolutionNode = FALSE
	EndGlobalSection
	GlobalSection(ExtensibilityGlobals) = postSolution
		SolutionGuid = {94778BD3-57DA-43E6-8724-9F8F95F30830}
	EndGlobalSection
EndGlobal
